
Microsoft Visual Studio Solution File, Format Version 12.00
# Visual Studio Version 17
VisualStudioVersion = 17.5.33530.505
MinimumVisualStudioVersion = 10.0.40219.1
Project("{FAE04EC0-301F-11D3-BF4B-00C04F79EFBC}") = "PI_vjezbe_sve", "PI_vjezbe_sve.csproj", "{A084E9AC-8364-43BC-BEDC-941ADB3468DD}"
EndProject
Global
	GlobalSection(SolutionConfigurationPlatforms) = preSolution
		Debug|Any CPU = Debug|Any CPU
		Release|Any CPU = Release|Any CPU
	EndGlobalSection
	GlobalSection(ProjectConfigurationPlatforms) = postSolution
		{A084E9AC-8364-43BC-BEDC-941ADB3468DD}.Debug|Any CPU.ActiveCfg = Debug|Any CPU
		{A084E9AC-8364-43BC-BEDC-941ADB3468DD}.Debug|Any CPU.Build.0 = Debug|Any CPU
		{A084E9AC-8364-43BC-BEDC-941ADB3468DD}.Release|Any CPU.ActiveCfg = Release|Any CPU
		{A084E9AC-8364-43BC-BEDC-941ADB3468DD}.Release|Any CPU.Build.0 = Release|Any CPU
	EndGlobalSection
	GlobalSection(SolutionProperties) = preSolution
		HideSolutionNode = FALSE
	EndGlobalSection
	GlobalSection(ExtensibilityGlobals) = postSolution
		SolutionGuid = {83CCB5EF-9E76-402F-8304-06CB5E7335C4}
	EndGlobalSection
EndGlobal
